
Microsoft Visual Studio Solution File, Format Version 12.00
# Visual Studio 15
VisualStudioVersion = 15.0.28307.1684
MinimumVisualStudioVersion = 10.0.40219.1
Project("{FAE04EC0-301F-11D3-BF4B-00C04F79EFBC}") = "fabricaDAO", "fabricaDAO\fabricaDAO.csproj", "{46FAA0C5-1990-430D-A3DF-AA3822AB519F}"
EndProject
Global
	GlobalSection(SolutionConfigurationPlatforms) = preSolution
		Debug|Any CPU = Debug|Any CPU
		Release|Any CPU = Release|Any CPU
	EndGlobalSection
	GlobalSection(ProjectConfigurationPlatforms) = postSolution
		{46FAA0C5-1990-430D-A3DF-AA3822AB519F}.Debug|Any CPU.ActiveCfg = Debug|Any CPU
		{46FAA0C5-1990-430D-A3DF-AA3822AB519F}.Debug|Any CPU.Build.0 = Debug|Any CPU
		{46FAA0C5-1990-430D-A3DF-AA3822AB519F}.Release|Any CPU.ActiveCfg = Release|Any CPU
		{46FAA0C5-1990-430D-A3DF-AA3822AB519F}.Release|Any CPU.Build.0 = Release|Any CPU
	EndGlobalSection
	GlobalSection(SolutionProperties) = preSolution
		HideSolutionNode = FALSE
	EndGlobalSection
	GlobalSection(ExtensibilityGlobals) = postSolution
		SolutionGuid = {15699F1A-E9CA-4FD0-9399-18743E1E4214}
	EndGlobalSection
EndGlobal
